// !$*UTF8*$!
{
	archiveVersion = 1;
	classes = {
	};
	objectVersion = 46;
	objects = {

/* Begin PBXBuildFile section */
		AFF9CDFD1DA6CC0E00FAF511 /* main.m in Sources */ = {isa = PBXBuildFile; fileRef = AFF9CDFC1DA6CC0E00FAF511 /* main.m */; };
		AFF9CE001DA6CC0E00FAF511 /* AppDelegate.m in Sources */ = {isa = PBXBuildFile; fileRef = AFF9CDFF1DA6CC0E00FAF511 /* AppDelegate.m */; };
		AFF9CE031DA6CC0E00FAF511 /* ViewController.m in Sources */ = {isa = PBXBuildFile; fileRef = AFF9CE021DA6CC0E00FAF511 /* ViewController.m */; };
		AFF9CE061DA6CC0E00FAF511 /* Main.storyboard in Resources */ = {isa = PBXBuildFile; fileRef = AFF9CE041DA6CC0E00FAF511 /* Main.storyboard */; };
		AFF9CE081DA6CC0E00FAF511 /* Assets.xcassets in Resources */ = {isa = PBXBuildFile; fileRef = AFF9CE071DA6CC0E00FAF511 /* Assets.xcassets */; };
		AFF9CE0B1DA6CC0E00FAF511 /* LaunchScreen.storyboard in Resources */ = {isa = PBXBuildFile; fileRef = AFF9CE091DA6CC0E00FAF511 /* LaunchScreen.storyboard */; };
		AFF9CE161DA6CC0E00FAF511 /* stepperViewTests.m in Sources */ = {isa = PBXBuildFile; fileRef = AFF9CE151DA6CC0E00FAF511 /* stepperViewTests.m */; };
		AFF9CE211DA6CC0E00FAF511 /* stepperViewUITests.m in Sources */ = {isa = PBXBuildFile; fileRef = AFF9CE201DA6CC0E00FAF511 /* stepperViewUITests.m */; };
/* End PBXBuildFile section */

/* Begin PBXContainerItemProxy section */
		AFF9CE121DA6CC0E00FAF511 /* PBXContainerItemProxy */ = {
			isa = PBXContainerItemProxy;
			containerPortal = AFF9CDF01DA6CC0E00FAF511 /* Project object */;
			proxyType = 1;
			remoteGlobalIDString = AFF9CDF71DA6CC0E00FAF511;
			remoteInfo = stepperView;
		};
		AFF9CE1D1DA6CC0E00FAF511 /* PBXContainerItemProxy */ = {
			isa = PBXContainerItemProxy;
			containerPortal = AFF9CDF01DA6CC0E00FAF511 /* Project object */;
			proxyType = 1;
			remoteGlobalIDString = AFF9CDF71DA6CC0E00FAF511;
			remoteInfo = stepperView;
		};
/* End PBXContainerItemProxy section */

/* Begin PBXFileReference section */
		AFF9CDF81DA6CC0E00FAF511 /* stepperView.app */ = {isa = PBXFileReference; explicitFileType = wrapper.application; includeInIndex = 0; path = stepperView.app; sourceTree = BUILT_PRODUCTS_DIR; };
		AFF9CDFC1DA6CC0E00FAF511 /* main.m */ = {isa = PBXFileReference; lastKnownFileType = sourcecode.c.objc; path = main.m; sourceTree = "<group>"; };
		AFF9CDFE1DA6CC0E00FAF511 /* AppDelegate.h */ = {isa = PBXFileReference; lastKnownFileType = sourcecode.c.h; path = AppDelegate.h; sourceTree = "<group>"; };
		AFF9CDFF1DA6CC0E00FAF511 /* AppDelegate.m */ = {isa = PBXFileReference; lastKnownFileType = sourcecode.c.objc; path = AppDelegate.m; sourceTree = "<group>"; };
		AFF9CE011DA6CC0E00FAF511 /* ViewController.h */ = {isa = PBXFileReference; lastKnownFileType = sourcecode.c.h; path = ViewController.h; sourceTree = "<group>"; };
		AFF9CE021DA6CC0E00FAF511 /* ViewController.m */ = {isa = PBXFileReference; lastKnownFileType = sourcecode.c.objc; path = ViewController.m; sourceTree = "<group>"; };
		AFF9CE051DA6CC0E00FAF511 /* Base */ = {isa = PBXFileReference; lastKnownFileType = file.storyboard; name = Base; path = Base.lproj/Main.storyboard; sourceTree = "<group>"; };
		AFF9CE071DA6CC0E00FAF511 /* Assets.xcassets */ = {isa = PBXFileReference; lastKnownFileType = folder.assetcatalog; path = Assets.xcassets; sourceTree = "<group>"; };
		AFF9CE0A1DA6CC0E00FAF511 /* Base */ = {isa = PBXFileReference; lastKnownFileType = file.storyboard; name = Base; path = Base.lproj/LaunchScreen.storyboard; sourceTree = "<group>"; };
		AFF9CE0C1DA6CC0E00FAF511 /* Info.plist */ = {isa = PBXFileReference; lastKnownFileType = text.plist.xml; path = Info.plist; sourceTree = "<group>"; };
		AFF9CE111DA6CC0E00FAF511 /* stepperViewTests.xctest */ = {isa = PBXFileReference; explicitFileType = wrapper.cfbundle; includeInIndex = 0; path = stepperViewTests.xctest; sourceTree = BUILT_PRODUCTS_DIR; };
		AFF9CE151DA6CC0E00FAF511 /* stepperViewTests.m */ = {isa = PBXFileReference; lastKnownFileType = sourcecode.c.objc; path = stepperViewTests.m; sourceTree = "<group>"; };
		AFF9CE171DA6CC0E00FAF511 /* Info.plist */ = {isa = PBXFileReference; lastKnownFileType = text.plist.xml; path = Info.plist; sourceTree = "<group>"; };
		AFF9CE1C1DA6CC0E00FAF511 /* stepperViewUITests.xctest */ = {isa = PBXFileReference; explicitFileType = wrapper.cfbundle; includeInIndex = 0; path = stepperViewUITests.xctest; sourceTree = BUILT_PRODUCTS_DIR; };
		AFF9CE201DA6CC0E00FAF511 /* stepperViewUITests.m */ = {isa = PBXFileReference; lastKnownFileType = sourcecode.c.objc; path = stepperViewUITests.m; sourceTree = "<group>"; };
		AFF9CE221DA6CC0E00FAF511 /* Info.plist */ = {isa = PBXFileReference; lastKnownFileType = text.plist.xml; path = Info.plist; sourceTree = "<group>"; };
/* End PBXFileReference section */

/* Begin PBXFrameworksBuildPhase section */
		AFF9CDF51DA6CC0E00FAF511 /* Frameworks */ = {
			isa = PBXFrameworksBuildPhase;
			buildActionMask = 2147483647;
			files = (
			);
			runOnlyForDeploymentPostprocessing = 0;
		};
		AFF9CE0E1DA6CC0E00FAF511 /* Frameworks */ = {
			isa = PBXFrameworksBuildPhase;
			buildActionMask = 2147483647;
			files = (
			);
			runOnlyForDeploymentPostprocessing = 0;
		};
		AFF9CE191DA6CC0E00FAF511 /* Frameworks */ = {
			isa = PBXFrameworksBuildPhase;
			buildActionMask = 2147483647;
			files = (
			);
			runOnlyForDeploymentPostprocessing = 0;
		};
/* End PBXFrameworksBuildPhase section */

/* Begin PBXGroup section */
		AFF9CDEF1DA6CC0E00FAF511 = {
			isa = PBXGroup;
			children = (
				AFF9CDFA1DA6CC0E00FAF511 /* stepperView */,
				AFF9CE141DA6CC0E00FAF511 /* stepperViewTests */,
				AFF9CE1F1DA6CC0E00FAF511 /* stepperViewUITests */,
				AFF9CDF91DA6CC0E00FAF511 /* Products */,
			);
			sourceTree = "<group>";
		};
		AFF9CDF91DA6CC0E00FAF511 /* Products */ = {
			isa = PBXGroup;
			children = (
				AFF9CDF81DA6CC0E00FAF511 /* stepperView.app */,
				AFF9CE111DA6CC0E00FAF511 /* stepperViewTests.xctest */,
				AFF9CE1C1DA6CC0E00FAF511 /* stepperViewUITests.xctest */,
			);
			name = Products;
			sourceTree = "<group>";
		};
		AFF9CDFA1DA6CC0E00FAF511 /* stepperView */ = {
			isa = PBXGroup;
			children = (
				AFF9CDFE1DA6CC0E00FAF511 /* AppDelegate.h */,
				AFF9CDFF1DA6CC0E00FAF511 /* AppDelegate.m */,
				AFF9CE011DA6CC0E00FAF511 /* ViewController.h */,
				AFF9CE021DA6CC0E00FAF511 /* ViewController.m */,
				AFF9CE041DA6CC0E00FAF511 /* Main.storyboard */,
				AFF9CE071DA6CC0E00FAF511 /* Assets.xcassets */,
				AFF9CE091DA6CC0E00FAF511 /* LaunchScreen.storyboard */,
				AFF9CE0C1DA6CC0E00FAF511 /* Info.plist */,
				AFF9CDFB1DA6CC0E00FAF511 /* Supporting Files */,
			);
			path = stepperView;
			sourceTree = "<group>";
		};
		AFF9CDFB1DA6CC0E00FAF511 /* Supporting Files */ = {
			isa = PBXGroup;
			children = (
				AFF9CDFC1DA6CC0E00FAF511 /* main.m */,
			);
			name = "Supporting Files";
			sourceTree = "<group>";
		};
		AFF9CE141DA6CC0E00FAF511 /* stepperViewTests */ = {
			isa = PBXGroup;
			children = (
				AFF9CE151DA6CC0E00FAF511 /* stepperViewTests.m */,
				AFF9CE171DA6CC0E00FAF511 /* Info.plist */,
			);
			path = stepperViewTests;
			sourceTree = "<group>";
		};
		AFF9CE1F1DA6CC0E00FAF511 /* stepperViewUITests */ = {
			isa = PBXGroup;
			children = (
				AFF9CE201DA6CC0E00FAF511 /* stepperViewUITests.m */,
				AFF9CE221DA6CC0E00FAF511 /* Info.plist */,
			);
			path = stepperViewUITests;
			sourceTree = "<group>";
		};
/* End PBXGroup section */

/* Begin PBXNativeTarget section */
		AFF9CDF71DA6CC0E00FAF511 /* stepperView */ = {
			isa = PBXNativeTarget;
			buildConfigurationList = AFF9CE251DA6CC0E00FAF511 /* Build configuration list for PBXNativeTarget "stepperView" */;
			buildPhases = (
				AFF9CDF41DA6CC0E00FAF511 /* Sources */,
				AFF9CDF51DA6CC0E00FAF511 /* Frameworks */,
				AFF9CDF61DA6CC0E00FAF511 /* Resources */,
			);
			buildRules = (
			);
			dependencies = (
			);
			name = stepperView;
			productName = stepperView;
			productReference = AFF9CDF81DA6CC0E00FAF511 /* stepperView.app */;
			productType = "com.apple.product-type.application";
		};
		AFF9CE101DA6CC0E00FAF511 /* stepperViewTests */ = {
			isa = PBXNativeTarget;
			buildConfigurationList = AFF9CE281DA6CC0E00FAF511 /* Build configuration list for PBXNativeTarget "stepperViewTests" */;
			buildPhases = (
				AFF9CE0D1DA6CC0E00FAF511 /* Sources */,
				AFF9CE0E1DA6CC0E00FAF511 /* Frameworks */,
				AFF9CE0F1DA6CC0E00FAF511 /* Resources */,
			);
			buildRules = (
			);
			dependencies = (
				AFF9CE131DA6CC0E00FAF511 /* PBXTargetDependency */,
			);
			name = stepperViewTests;
			productName = stepperViewTests;
			productReference = AFF9CE111DA6CC0E00FAF511 /* stepperViewTests.xctest */;
			productType = "com.apple.product-type.bundle.unit-test";
		};
		AFF9CE1B1DA6CC0E00FAF511 /* stepperViewUITests */ = {
			isa = PBXNativeTarget;
			buildConfigurationList = AFF9CE2B1DA6CC0E00FAF511 /* Build configuration list for PBXNativeTarget "stepperViewUITests" */;
			buildPhases = (
				AFF9CE181DA6CC0E00FAF511 /* Sources */,
				AFF9CE191DA6CC0E00FAF511 /* Frameworks */,
				AFF9CE1A1DA6CC0E00FAF511 /* Resources */,
			);
			buildRules = (
			);
			dependencies = (
				AFF9CE1E1DA6CC0E00FAF511 /* PBXTargetDependency */,
			);
			name = stepperViewUITests;
			productName = stepperViewUITests;
			productReference = AFF9CE1C1DA6CC0E00FAF511 /* stepperViewUITests.xctest */;
			productType = "com.apple.product-type.bundle.ui-testing";
		};
/* End PBXNativeTarget section */

/* Begin PBXProject section */
		AFF9CDF01DA6CC0E00FAF511 /* Project object */ = {
			isa = PBXProject;
			attributes = {
				LastUpgradeCheck = 0800;
				ORGANIZATIONNAME = "Khalid Mohamed";
				TargetAttributes = {
					AFF9CDF71DA6CC0E00FAF511 = {
						CreatedOnToolsVersion = 8.0;
						ProvisioningStyle = Automatic;
					};
					AFF9CE101DA6CC0E00FAF511 = {
						CreatedOnToolsVersion = 8.0;
						ProvisioningStyle = Automatic;
						TestTargetID = AFF9CDF71DA6CC0E00FAF511;
					};
					AFF9CE1B1DA6CC0E00FAF511 = {
						CreatedOnToolsVersion = 8.0;
						ProvisioningStyle = Automatic;
						TestTargetID = AFF9CDF71DA6CC0E00FAF511;
					};
				};
			};
			buildConfigurationList = AFF9CDF31DA6CC0E00FAF511 /* Build configuration list for PBXProject "stepperView" */;
			compatibilityVersion = "Xcode 3.2";
			developmentRegion = English;
			hasScannedForEncodings = 0;
			knownRegions = (
				en,
				Base,
			);
			mainGroup = AFF9CDEF1DA6CC0E00FAF511;
			productRefGroup = AFF9CDF91DA6CC0E00FAF511 /* Products */;
			projectDirPath = "";
			projectRoot = "";
			targets = (
				AFF9CDF71DA6CC0E00FAF511 /* stepperView */,
				AFF9CE101DA6CC0E00FAF511 /* stepperViewTests */,
				AFF9CE1B1DA6CC0E00FAF511 /* stepperViewUITests */,
			);
		};
/* End PBXProject section */

/* Begin PBXResourcesBuildPhase section */
		AFF9CDF61DA6CC0E00FAF511 /* Resources */ = {
			isa = PBXResourcesBuildPhase;
			buildActionMask = 2147483647;
			files = (
				AFF9CE0B1DA6CC0E00FAF511 /* LaunchScreen.storyboard in Resources */,
				AFF9CE081DA6CC0E00FAF511 /* Assets.xcassets in Resources */,
				AFF9CE061DA6CC0E00FAF511 /* Main.storyboard in Resources */,
			);
			runOnlyForDeploymentPostprocessing = 0;
		};
		AFF9CE0F1DA6CC0E00FAF511 /* Resources */ = {
			isa = PBXResourcesBuildPhase;
			buildActionMask = 2147483647;
			files = (
			);
			runOnlyForDeploymentPostprocessing = 0;
		};
		AFF9CE1A1DA6CC0E00FAF511 /* Resources */ = {
			isa = PBXResourcesBuildPhase;
			buildActionMask = 2147483647;
			files = (
			);
			runOnlyForDeploymentPostprocessing = 0;
		};
/* End PBXResourcesBuildPhase section */

/* Begin PBXSourcesBuildPhase section */
		AFF9CDF41DA6CC0E00FAF511 /* Sources */ = {
			isa = PBXSourcesBuildPhase;
			buildActionMask = 2147483647;
			files = (
				AFF9CE031DA6CC0E00FAF511 /* ViewController.m in Sources */,
				AFF9CE001DA6CC0E00FAF511 /* AppDelegate.m in Sources */,
				AFF9CDFD1DA6CC0E00FAF511 /* main.m in Sources */,
			);
			runOnlyForDeploymentPostprocessing = 0;
		};
		AFF9CE0D1DA6CC0E00FAF511 /* Sources */ = {
			isa = PBXSourcesBuildPhase;
			buildActionMask = 2147483647;
			files = (
				AFF9CE161DA6CC0E00FAF511 /* stepperViewTests.m in Sources */,
			);
			runOnlyForDeploymentPostprocessing = 0;
		};
		AFF9CE181DA6CC0E00FAF511 /* Sources */ = {
			isa = PBXSourcesBuildPhase;
			buildActionMask = 2147483647;
			files = (
				AFF9CE211DA6CC0E00FAF511 /* stepperViewUITests.m in Sources */,
			);
			runOnlyForDeploymentPostprocessing = 0;
		};
/* End PBXSourcesBuildPhase section */

/* Begin PBXTargetDependency section */
		AFF9CE131DA6CC0E00FAF511 /* PBXTargetDependency */ = {
			isa = PBXTargetDependency;
			target = AFF9CDF71DA6CC0E00FAF511 /* stepperView */;
			targetProxy = AFF9CE121DA6CC0E00FAF511 /* PBXContainerItemProxy */;
		};
		AFF9CE1E1DA6CC0E00FAF511 /* PBXTargetDependency */ = {
			isa = PBXTargetDependency;
			target = AFF9CDF71DA6CC0E00FAF511 /* stepperView */;
			targetProxy = AFF9CE1D1DA6CC0E00FAF511 /* PBXContainerItemProxy */;
		};
/* End PBXTargetDependency section */

/* Begin PBXVariantGroup section */
		AFF9CE041DA6CC0E00FAF511 /* Main.storyboard */ = {
			isa = PBXVariantGroup;
			children = (
				AFF9CE051DA6CC0E00FAF511 /* Base */,
			);
			name = Main.storyboard;
			sourceTree = "<group>";
		};
		AFF9CE091DA6CC0E00FAF511 /* LaunchScreen.storyboard */ = {
			isa = PBXVariantGroup;
			children = (
				AFF9CE0A1DA6CC0E00FAF511 /* Base */,
			);
			name = LaunchScreen.storyboard;
			sourceTree = "<group>";
		};
/* End PBXVariantGroup section */

/* Begin XCBuildConfiguration section */
		AFF9CE231DA6CC0E00FAF511 /* Debug */ = {
			isa = XCBuildConfiguration;
			buildSettings = {
				ALWAYS_SEARCH_USER_PATHS = NO;
				CLANG_ANALYZER_NONNULL = YES;
				CLANG_CXX_LANGUAGE_STANDARD = "gnu++0x";
				CLANG_CXX_LIBRARY = "libc++";
				CLANG_ENABLE_MODULES = YES;
				CLANG_ENABLE_OBJC_ARC = YES;
				CLANG_WARN_BOOL_CONVERSION = YES;
				CLANG_WARN_CONSTANT_CONVERSION = YES;
				CLANG_WARN_DIRECT_OBJC_ISA_USAGE = YES_ERROR;
				CLANG_WARN_DOCUMENTATION_COMMENTS = YES;
				CLANG_WARN_EMPTY_BODY = YES;
				CLANG_WARN_ENUM_CONVERSION = YES;
				CLANG_WARN_INFINITE_RECURSION = YES;
				CLANG_WARN_INT_CONVERSION = YES;
				CLANG_WARN_OBJC_ROOT_CLASS = YES_ERROR;
				CLANG_WARN_SUSPICIOUS_MOVES = YES;
				CLANG_WARN_UNREACHABLE_CODE = YES;
				CLANG_WARN__DUPLICATE_METHOD_MATCH = YES;
				"CODE_SIGN_IDENTITY[sdk=iphoneos*]" = "iPhone Developer";
				COPY_PHASE_STRIP = NO;
				DEBUG_INFORMATION_FORMAT = dwarf;
				ENABLE_STRICT_OBJC_MSGSEND = YES;
				ENABLE_TESTABILITY = YES;
				GCC_C_LANGUAGE_STANDARD = gnu99;
				GCC_DYNAMIC_NO_PIC = NO;
				GCC_NO_COMMON_BLOCKS = YES;
				GCC_OPTIMIZATION_LEVEL = 0;
				GCC_PREPROCESSOR_DEFINITIONS = (
					"DEBUG=1",
					"$(inherited)",
				);
				GCC_WARN_64_TO_32_BIT_CONVERSION = YES;
				GCC_WARN_ABOUT_RETURN_TYPE = YES_ERROR;
				GCC_WARN_UNDECLARED_SELECTOR = YES;
				GCC_WARN_UNINITIALIZED_AUTOS = YES_AGGRESSIVE;
				GCC_WARN_UNUSED_FUNCTION = YES;
				GCC_WARN_UNUSED_VARIABLE = YES;
				IPHONEOS_DEPLOYMENT_TARGET = 10.0;
				MTL_ENABLE_DEBUG_INFO = YES;
				ONLY_ACTIVE_ARCH = YES;
				SDKROOT = iphoneos;
				TARGETED_DEVICE_FAMILY = "1,2";
			};
			name = Debug;
		};
		AFF9CE241DA6CC0E00FAF511 /* Release */ = {
			isa = XCBuildConfiguration;
			buildSettings = {
				ALWAYS_SEARCH_USER_PATHS = NO;
				CLANG_ANALYZER_NONNULL = YES;
				CLANG_CXX_LANGUAGE_STANDARD = "gnu++0x";
				CLANG_CXX_LIBRARY = "libc++";
				CLANG_ENABLE_MODULES = YES;
				CLANG_ENABLE_OBJC_ARC = YES;
				CLANG_WARN_BOOL_CONVERSION = YES;
				CLANG_WARN_CONSTANT_CONVERSION = YES;
				CLANG_WARN_DIRECT_OBJC_ISA_USAGE = YES_ERROR;
				CLANG_WARN_DOCUMENTATION_COMMENTS = YES;
				CLANG_WARN_EMPTY_BODY = YES;
				CLANG_WARN_ENUM_CONVERSION = YES;
				CLANG_WARN_INFINITE_RECURSION = YES;
				CLANG_WARN_INT_CONVERSION = YES;
				CLANG_WARN_OBJC_ROOT_CLASS = YES_ERROR;
				CLANG_WARN_SUSPICIOUS_MOVES = YES;
				CLANG_WARN_UNREACHABLE_CODE = YES;
				CLANG_WARN__DUPLICATE_METHOD_MATCH = YES;
				"CODE_SIGN_IDENTITY[sdk=iphoneos*]" = "iPhone Developer";
				COPY_PHASE_STRIP = NO;
				DEBUG_INFORMATION_FORMAT = "dwarf-with-dsym";
				ENABLE_NS_ASSERTIONS = NO;
				ENABLE_STRICT_OBJC_MSGSEND = YES;
				GCC_C_LANGUAGE_STANDARD = gnu99;
				GCC_NO_COMMON_BLOCKS = YES;
				GCC_WARN_64_TO_32_BIT_CONVERSION = YES;
				GCC_WARN_ABOUT_RETURN_TYPE = YES_ERROR;
				GCC_WARN_UNDECLARED_SELECTOR = YES;
				GCC_WARN_UNINITIALIZED_AUTOS = YES_AGGRESSIVE;
				GCC_WARN_UNUSED_FUNCTION = YES;
				GCC_WARN_UNUSED_VARIABLE = YES;
				IPHONEOS_DEPLOYMENT_TARGET = 10.0;
				MTL_ENABLE_DEBUG_INFO = NO;
				SDKROOT = iphoneos;
				TARGETED_DEVICE_FAMILY = "1,2";
				VALIDATE_PRODUCT = YES;
			};
			name = Release;
		};
		AFF9CE261DA6CC0E00FAF511 /* Debug */ = {
			isa = XCBuildConfiguration;
			buildSettings = {
				ASSETCATALOG_COMPILER_APPICON_NAME = AppIcon;
				INFOPLIST_FILE = stepperView/Info.plist;
				LD_RUNPATH_SEARCH_PATHS = "$(inherited) @executable_path/Frameworks";
				PRODUCT_BUNDLE_IDENTIFIER = test.strings.stepperView;
				PRODUCT_NAME = "$(TARGET_NAME)";
			};
			name = Debug;
		};
		AFF9CE271DA6CC0E00FAF511 /* Release */ = {
			isa = XCBuildConfiguration;
			buildSettings = {
				ASSETCATALOG_COMPILER_APPICON_NAME = AppIcon;
				INFOPLIST_FILE = stepperView/Info.plist;
				LD_RUNPATH_SEARCH_PATHS = "$(inherited) @executable_path/Frameworks";
				PRODUCT_BUNDLE_IDENTIFIER = test.strings.stepperView;
				PRODUCT_NAME = "$(TARGET_NAME)";
			};
			name = Release;
		};
		AFF9CE291DA6CC0E00FAF511 /* Debug */ = {
			isa = XCBuildConfiguration;
			buildSettings = {
				BUNDLE_LOADER = "$(TEST_HOST)";
				INFOPLIST_FILE = stepperViewTests/Info.plist;
				LD_RUNPATH_SEARCH_PATHS = "$(inherited) @executable_path/Frameworks @loader_path/Frameworks";
				PRODUCT_BUNDLE_IDENTIFIER = test.strings.stepperViewTests;
				PRODUCT_NAME = "$(TARGET_NAME)";
				TEST_HOST = "$(BUILT_PRODUCTS_DIR)/stepperView.app/stepperView";
			};
			name = Debug;
		};
		AFF9CE2A1DA6CC0E00FAF511 /* Release */ = {
			isa = XCBuildConfiguration;
			buildSettings = {
				BUNDLE_LOADER = "$(TEST_HOST)";
				INFOPLIST_FILE = stepperViewTests/Info.plist;
				LD_RUNPATH_SEARCH_PATHS = "$(inherited) @executable_path/Frameworks @loader_path/Frameworks";
				PRODUCT_BUNDLE_IDENTIFIER = test.strings.stepperViewTests;
				PRODUCT_NAME = "$(TARGET_NAME)";
				TEST_HOST = "$(BUILT_PRODUCTS_DIR)/stepperView.app/stepperView";
			};
			name = Release;
		};
		AFF9CE2C1DA6CC0E00FAF511 /* Debug */ = {
			isa = XCBuildConfiguration;
			buildSettings = {
				INFOPLIST_FILE = stepperViewUITests/Info.plist;
				LD_RUNPATH_SEARCH_PATHS = "$(inherited) @executable_path/Frameworks @loader_path/Frameworks";
				PRODUCT_BUNDLE_IDENTIFIER = test.strings.stepperViewUITests;
				PRODUCT_NAME = "$(TARGET_NAME)";
				TEST_TARGET_NAME = stepperView;
			};
			name = Debug;
		};
		AFF9CE2D1DA6CC0E00FAF511 /* Release */ = {
			isa = XCBuildConfiguration;
			buildSettings = {
				INFOPLIST_FILE = stepperViewUITests/Info.plist;
				LD_RUNPATH_SEARCH_PATHS = "$(inherited) @executable_path/Frameworks @loader_path/Frameworks";
				PRODUCT_BUNDLE_IDENTIFIER = test.strings.stepperViewUITests;
				PRODUCT_NAME = "$(TARGET_NAME)";
				TEST_TARGET_NAME = stepperView;
			};
			name = Release;
		};
/* End XCBuildConfiguration section */

/* Begin XCConfigurationList section */
		AFF9CDF31DA6CC0E00FAF511 /* Build configuration list for PBXProject "stepperView" */ = {
			isa = XCConfigurationList;
			buildConfigurations = (
				AFF9CE231DA6CC0E00FAF511 /* Debug */,
				AFF9CE241DA6CC0E00FAF511 /* Release */,
			);
			defaultConfigurationIsVisible = 0;
			defaultConfigurationName = Release;
		};
		AFF9CE251DA6CC0E00FAF511 /* Build configuration list for PBXNativeTarget "stepperView" */ = {
			isa = XCConfigurationList;
			buildConfigurations = (
				AFF9CE261DA6CC0E00FAF511 /* Debug */,
				AFF9CE271DA6CC0E00FAF511 /* Release */,
			);
			defaultConfigurationIsVisible = 0;
		};
		AFF9CE281DA6CC0E00FAF511 /* Build configuration list for PBXNativeTarget "stepperViewTests" */ = {
			isa = XCConfigurationList;
			buildConfigurations = (
				AFF9CE291DA6CC0E00FAF511 /* Debug */,
				AFF9CE2A1DA6CC0E00FAF511 /* Release */,
			);
			defaultConfigurationIsVisible = 0;
		};
		AFF9CE2B1DA6CC0E00FAF511 /* Build configuration list for PBXNativeTarget "stepperViewUITests" */ = {
			isa = XCConfigurationList;
			buildConfigurations = (
				AFF9CE2C1DA6CC0E00FAF511 /* Debug */,
				AFF9CE2D1DA6CC0E00FAF511 /* Release */,
			);
			defaultConfigurationIsVisible = 0;
		};
/* End XCConfigurationList section */
	};
	rootObject = AFF9CDF01DA6CC0E00FAF511 /* Project object */;
}
